
Microsoft Visual Studio Solution File, Format Version 12.00
# Visual Studio Version 17
VisualStudioVersion = 17.9.34607.119
MinimumVisualStudioVersion = 10.0.40219.1
Project("{FAE04EC0-301F-11D3-BF4B-00C04F79EFBC}") = "SimplifiedFractions", "SimplifiedFractions\SimplifiedFractions.csproj", "{6E4F0C60-FC5B-4420-87F9-92BCA9B4FB95}"
EndProject
Global
	GlobalSection(SolutionConfigurationPlatforms) = preSolution
		Debug|Any CPU = Debug|Any CPU
		Release|Any CPU = Release|Any CPU
	EndGlobalSection
	GlobalSection(ProjectConfigurationPlatforms) = postSolution
		{6E4F0C60-FC5B-4420-87F9-92BCA9B4FB95}.Debug|Any CPU.ActiveCfg = Debug|Any CPU
		{6E4F0C60-FC5B-4420-87F9-92BCA9B4FB95}.Debug|Any CPU.Build.0 = Debug|Any CPU
		{6E4F0C60-FC5B-4420-87F9-92BCA9B4FB95}.Release|Any CPU.ActiveCfg = Release|Any CPU
		{6E4F0C60-FC5B-4420-87F9-92BCA9B4FB95}.Release|Any CPU.Build.0 = Release|Any CPU
	EndGlobalSection
	GlobalSection(SolutionProperties) = preSolution
		HideSolutionNode = FALSE
	EndGlobalSection
	GlobalSection(ExtensibilityGlobals) = postSolution
		SolutionGuid = {2EEE1AE1-18C9-4D84-B791-0ADAB4BE6881}
	EndGlobalSection
EndGlobal
